
Microsoft Visual Studio Solution File, Format Version 12.00
# Visual Studio 2012
Project("{8BC9CEB8-8B4A-11D0-8D11-00A0C91BC942}") = "DLNA_P", "DLNA_P\DLNA_P.vcxproj", "{09E092AD-3CE3-4ED2-877D-758413B5CA7E}"
EndProject
Global
	GlobalSection(SolutionConfigurationPlatforms) = preSolution
		Debug|Win32 = Debug|Win32
		Release|Win32 = Release|Win32
	EndGlobalSection
	GlobalSection(ProjectConfigurationPlatforms) = postSolution
		{09E092AD-3CE3-4ED2-877D-758413B5CA7E}.Debug|Win32.ActiveCfg = Debug|Win32
		{09E092AD-3CE3-4ED2-877D-758413B5CA7E}.Debug|Win32.Build.0 = Debug|Win32
		{09E092AD-3CE3-4ED2-877D-758413B5CA7E}.Release|Win32.ActiveCfg = Release|Win32
		{09E092AD-3CE3-4ED2-877D-758413B5CA7E}.Release|Win32.Build.0 = Release|Win32
	EndGlobalSection
	GlobalSection(SolutionProperties) = preSolution
		HideSolutionNode = FALSE
	EndGlobalSection
EndGlobal
